
Microsoft Visual Studio Solution File, Format Version 12.00
# Visual Studio 15
VisualStudioVersion = 15.0.26730.12
MinimumVisualStudioVersion = 10.0.40219.1
Project("{FAE04EC0-301F-11D3-BF4B-00C04F79EFBC}") = "ThermalCalc", "ThermalCalc\ThermalCalc.csproj", "{287F2FB3-EBAD-4475-9D20-13F5EC421EC0}"
EndProject
Project("{FAE04EC0-301F-11D3-BF4B-00C04F79EFBC}") = "ThermalCalc.DataLayer", "ThermalCalc.DataLayer\ThermalCalc.DataLayer.csproj", "{8E0731D6-9E64-4D02-B10F-D0BEA033E009}"
EndProject
Global
	GlobalSection(SolutionConfigurationPlatforms) = preSolution
		Debug|Any CPU = Debug|Any CPU
		Release|Any CPU = Release|Any CPU
	EndGlobalSection
	GlobalSection(ProjectConfigurationPlatforms) = postSolution
		{287F2FB3-EBAD-4475-9D20-13F5EC421EC0}.Debug|Any CPU.ActiveCfg = Debug|Any CPU
		{287F2FB3-EBAD-4475-9D20-13F5EC421EC0}.Debug|Any CPU.Build.0 = Debug|Any CPU
		{287F2FB3-EBAD-4475-9D20-13F5EC421EC0}.Release|Any CPU.ActiveCfg = Release|Any CPU
		{287F2FB3-EBAD-4475-9D20-13F5EC421EC0}.Release|Any CPU.Build.0 = Release|Any CPU
		{8E0731D6-9E64-4D02-B10F-D0BEA033E009}.Debug|Any CPU.ActiveCfg = Debug|Any CPU
		{8E0731D6-9E64-4D02-B10F-D0BEA033E009}.Debug|Any CPU.Build.0 = Debug|Any CPU
		{8E0731D6-9E64-4D02-B10F-D0BEA033E009}.Release|Any CPU.ActiveCfg = Release|Any CPU
		{8E0731D6-9E64-4D02-B10F-D0BEA033E009}.Release|Any CPU.Build.0 = Release|Any CPU
	EndGlobalSection
	GlobalSection(SolutionProperties) = preSolution
		HideSolutionNode = FALSE
	EndGlobalSection
	GlobalSection(ExtensibilityGlobals) = postSolution
		SolutionGuid = {AE49DBD1-176D-4E8C-AABB-B02F6F7F3B41}
	EndGlobalSection
EndGlobal
